
Microsoft Visual Studio Solution File, Format Version 11.00
# Visual Studio 2010
Project("{FAE04EC0-301F-11D3-BF4B-00C04F79EFBC}") = "DAL", "DAL\DAL.csproj", "{543DD865-F6AD-4E87-8110-EC24271FA697}"
EndProject
Project("{FAE04EC0-301F-11D3-BF4B-00C04F79EFBC}") = "BAL", "BAL\BAL.csproj", "{43B6F60D-223F-4B8D-98A6-CF4639482EB1}"
EndProject
Project("{E24C65DC-7377-472B-9ABA-BC803B73C61A}") = "PL", "..\PL\", "{859CCD06-5C17-4CB4-BB0C-E1886E6F3981}"
	ProjectSection(WebsiteProperties) = preProject
		TargetFrameworkMoniker = ".NETFramework,Version%3Dv4.0"
		ProjectReferences = "{43B6F60D-223F-4B8D-98A6-CF4639482EB1}|BAL.dll;{EC8CB6DD-EB68-4729-8024-D6064267C901}|Helper.dll;{543DD865-F6AD-4E87-8110-EC24271FA697}|DAL.dll;"
		Debug.AspNetCompiler.VirtualPath = "/PL"
		Debug.AspNetCompiler.PhysicalPath = "..\PL\"
		Debug.AspNetCompiler.TargetPath = "PrecompiledWeb\PL\"
		Debug.AspNetCompiler.Updateable = "true"
		Debug.AspNetCompiler.ForceOverwrite = "true"
		Debug.AspNetCompiler.FixedNames = "false"
		Debug.AspNetCompiler.Debug = "True"
		Release.AspNetCompiler.VirtualPath = "/PL"
		Release.AspNetCompiler.PhysicalPath = "..\PL\"
		Release.AspNetCompiler.TargetPath = "PrecompiledWeb\PL\"
		Release.AspNetCompiler.Updateable = "true"
		Release.AspNetCompiler.ForceOverwrite = "true"
		Release.AspNetCompiler.FixedNames = "false"
		Release.AspNetCompiler.Debug = "False"
		VWDPort = "11314"
		DefaultWebSiteLanguage = "Visual C#"
	EndProjectSection
EndProject
Project("{FAE04EC0-301F-11D3-BF4B-00C04F79EFBC}") = "Helper", "Helper\Helper.csproj", "{EC8CB6DD-EB68-4729-8024-D6064267C901}"
EndProject
Global
	GlobalSection(SolutionConfigurationPlatforms) = preSolution
		Debug|Any CPU = Debug|Any CPU
		Release|Any CPU = Release|Any CPU
	EndGlobalSection
	GlobalSection(ProjectConfigurationPlatforms) = postSolution
		{543DD865-F6AD-4E87-8110-EC24271FA697}.Debug|Any CPU.ActiveCfg = Debug|Any CPU
		{543DD865-F6AD-4E87-8110-EC24271FA697}.Debug|Any CPU.Build.0 = Debug|Any CPU
		{543DD865-F6AD-4E87-8110-EC24271FA697}.Release|Any CPU.ActiveCfg = Release|Any CPU
		{543DD865-F6AD-4E87-8110-EC24271FA697}.Release|Any CPU.Build.0 = Release|Any CPU
		{43B6F60D-223F-4B8D-98A6-CF4639482EB1}.Debug|Any CPU.ActiveCfg = Debug|Any CPU
		{43B6F60D-223F-4B8D-98A6-CF4639482EB1}.Debug|Any CPU.Build.0 = Debug|Any CPU
		{43B6F60D-223F-4B8D-98A6-CF4639482EB1}.Release|Any CPU.ActiveCfg = Release|Any CPU
		{43B6F60D-223F-4B8D-98A6-CF4639482EB1}.Release|Any CPU.Build.0 = Release|Any CPU
		{859CCD06-5C17-4CB4-BB0C-E1886E6F3981}.Debug|Any CPU.ActiveCfg = Debug|Any CPU
		{859CCD06-5C17-4CB4-BB0C-E1886E6F3981}.Debug|Any CPU.Build.0 = Debug|Any CPU
		{859CCD06-5C17-4CB4-BB0C-E1886E6F3981}.Release|Any CPU.ActiveCfg = Debug|Any CPU
		{859CCD06-5C17-4CB4-BB0C-E1886E6F3981}.Release|Any CPU.Build.0 = Debug|Any CPU
		{EC8CB6DD-EB68-4729-8024-D6064267C901}.Debug|Any CPU.ActiveCfg = Debug|Any CPU
		{EC8CB6DD-EB68-4729-8024-D6064267C901}.Debug|Any CPU.Build.0 = Debug|Any CPU
		{EC8CB6DD-EB68-4729-8024-D6064267C901}.Release|Any CPU.ActiveCfg = Release|Any CPU
		{EC8CB6DD-EB68-4729-8024-D6064267C901}.Release|Any CPU.Build.0 = Release|Any CPU
	EndGlobalSection
	GlobalSection(SolutionProperties) = preSolution
		HideSolutionNode = FALSE
	EndGlobalSection
EndGlobal
